Microsoft Visual Studio Solution File, Format Version 12.00
# Visual Studio 2012
Project("{FAE04EC0-301F-11D3-BF4B-00C04F79EFBC}") = "Mask of the Wild", "Mask of the Wild.csproj", "{43B9DCFC-B5EA-4108-A1FC-736F669C4B8F}"
EndProject
Global
	GlobalSection(SolutionConfigurationPlatforms) = preSolution
	Debug|Any CPU = Debug|Any CPU
	ExportDebug|Any CPU = ExportDebug|Any CPU
	ExportRelease|Any CPU = ExportRelease|Any CPU
	EndGlobalSection
	GlobalSection(ProjectConfigurationPlatforms) = postSolution
		{43B9DCFC-B5EA-4108-A1FC-736F669C4B8F}.Debug|Any CPU.ActiveCfg = Debug|Any CPU
		{43B9DCFC-B5EA-4108-A1FC-736F669C4B8F}.Debug|Any CPU.Build.0 = Debug|Any CPU
		{43B9DCFC-B5EA-4108-A1FC-736F669C4B8F}.ExportDebug|Any CPU.ActiveCfg = ExportDebug|Any CPU
		{43B9DCFC-B5EA-4108-A1FC-736F669C4B8F}.ExportDebug|Any CPU.Build.0 = ExportDebug|Any CPU
		{43B9DCFC-B5EA-4108-A1FC-736F669C4B8F}.ExportRelease|Any CPU.ActiveCfg = ExportRelease|Any CPU
		{43B9DCFC-B5EA-4108-A1FC-736F669C4B8F}.ExportRelease|Any CPU.Build.0 = ExportRelease|Any CPU
	EndGlobalSection
EndGlobal
